
Microsoft Visual Studio Solution File, Format Version 12.00
# Visual Studio Version 17
VisualStudioVersion = 17.4.33110.190
MinimumVisualStudioVersion = 10.0.40219.1
Project("{FAE04EC0-301F-11D3-BF4B-00C04F79EFBC}") = "TechSaturdays", "TechSaturdays\TechSaturdays.csproj", "{A3DEE4C5-48E9-4AAC-9859-1FB08784C9AE}"
EndProject
Global
	GlobalSection(SolutionConfigurationPlatforms) = preSolution
		Debug|Any CPU = Debug|Any CPU
		Release|Any CPU = Release|Any CPU
	EndGlobalSection
	GlobalSection(ProjectConfigurationPlatforms) = postSolution
		{A3DEE4C5-48E9-4AAC-9859-1FB08784C9AE}.Debug|Any CPU.ActiveCfg = Debug|Any CPU
		{A3DEE4C5-48E9-4AAC-9859-1FB08784C9AE}.Debug|Any CPU.Build.0 = Debug|Any CPU
		{A3DEE4C5-48E9-4AAC-9859-1FB08784C9AE}.Release|Any CPU.ActiveCfg = Release|Any CPU
		{A3DEE4C5-48E9-4AAC-9859-1FB08784C9AE}.Release|Any CPU.Build.0 = Release|Any CPU
	EndGlobalSection
	GlobalSection(SolutionProperties) = preSolution
		HideSolutionNode = FALSE
	EndGlobalSection
	GlobalSection(ExtensibilityGlobals) = postSolution
		SolutionGuid = {7C355A39-F3C5-49A4-91D3-3E65E10CFFC9}
	EndGlobalSection
EndGlobal
